
Microsoft Visual Studio Solution File, Format Version 12.00
# Visual Studio 15
VisualStudioVersion = 15.0.28010.2016
MinimumVisualStudioVersion = 10.0.40219.1
Project("{9A19103F-16F7-4668-BE54-9A1E7A4F7556}") = "QuartzApp", "QuartzApp\QuartzApp.csproj", "{D74BCD28-8EBA-4157-A1D1-F79A50DB553B}"
EndProject
Project("{9A19103F-16F7-4668-BE54-9A1E7A4F7556}") = "HangFireApp", "HangFireApp\HangFireApp.csproj", "{4F748F4E-6853-4A63-B3AC-256B93409464}"
EndProject
Project("{2150E333-8FDC-42A3-9474-1A3956D46DE8}") = "ConfigManager", "ConfigManager", "{EA85D448-036B-4024-B920-9C920217DDBD}"
EndProject
Project("{9A19103F-16F7-4668-BE54-9A1E7A4F7556}") = "Config", "ConfigManager\Config\Config.csproj", "{5FAD7E8E-0213-4269-8A3B-7D8E74446908}"
EndProject
Project("{9A19103F-16F7-4668-BE54-9A1E7A4F7556}") = "Config.Abstractions", "ConfigManager\Config.Abstractions\Config.Abstractions.csproj", "{A3218B4F-D67A-453F-B4D0-F4E0F492A9F0}"
EndProject
Project("{9A19103F-16F7-4668-BE54-9A1E7A4F7556}") = "Config.AzureKeyVault", "ConfigManager\Config.AzureKeyVault\Config.AzureKeyVault.csproj", "{D5355C3D-F193-4F9B-98E0-6896803243EE}"
EndProject
Project("{9A19103F-16F7-4668-BE54-9A1E7A4F7556}") = "Config.Binder", "ConfigManager\Config.Binder\Config.Binder.csproj", "{B02967DC-CA6B-4685-86BE-186F399C9C4A}"
EndProject
Project("{9A19103F-16F7-4668-BE54-9A1E7A4F7556}") = "Config.CommandLine", "ConfigManager\Config.CommandLine\Config.CommandLine.csproj", "{BEE0434F-D46B-4708-BCC9-98CDBEAA942E}"
EndProject
Project("{9A19103F-16F7-4668-BE54-9A1E7A4F7556}") = "Config.EnvironmentVariables", "ConfigManager\Config.EnvironmentVariables\Config.EnvironmentVariables.csproj", "{A5F3041B-5383-4D52-8482-84FCB0CB838A}"
EndProject
Project("{9A19103F-16F7-4668-BE54-9A1E7A4F7556}") = "Config.FileExtensions", "ConfigManager\Config.FileExtensions\Config.FileExtensions.csproj", "{29C5C3FF-579D-4D6A-90D1-17BDB6FC2123}"
EndProject
Project("{9A19103F-16F7-4668-BE54-9A1E7A4F7556}") = "Config.Ini", "ConfigManager\Config.Ini\Config.Ini.csproj", "{E4FB59AF-0A08-438D-A431-63BE023473DD}"
EndProject
Project("{9A19103F-16F7-4668-BE54-9A1E7A4F7556}") = "Config.Json", "ConfigManager\Config.Json\Config.Json.csproj", "{A87D05C4-18DF-422F-8C30-A0D66DA1AB03}"
EndProject
Project("{9A19103F-16F7-4668-BE54-9A1E7A4F7556}") = "Config.KeyPerFile", "ConfigManager\Config.KeyPerFile\Config.KeyPerFile.csproj", "{13DF1621-DBD5-4DC3-BC58-BC7F09EB8A10}"
EndProject
Project("{9A19103F-16F7-4668-BE54-9A1E7A4F7556}") = "Config.UserSecrets", "ConfigManager\Config.UserSecrets\Config.UserSecrets.csproj", "{FFBB07BB-5F15-4BCC-99A8-56A407C92A36}"
EndProject
Project("{9A19103F-16F7-4668-BE54-9A1E7A4F7556}") = "Config.Xml", "ConfigManager\Config.Xml\Config.Xml.csproj", "{C2731EB1-2BFD-4094-B5DF-A4B11932B527}"
EndProject
Project("{9A19103F-16F7-4668-BE54-9A1E7A4F7556}") = "Config.Test", "ConfigManager\Config.Test\Config.Test.csproj", "{7F699888-A05D-4C61-AF1F-E2469FCC54A2}"
EndProject
Project("{2150E333-8FDC-42A3-9474-1A3956D46DE8}") = "HangFire", "HangFire", "{9889E64F-D1F3-4358-99C3-D057CF4BE596}"
EndProject
Project("{9A19103F-16F7-4668-BE54-9A1E7A4F7556}") = "Newcats.HangFire.HostServer", "Newcats.HangFire.HostServer\Newcats.HangFire.HostServer.csproj", "{0243ACAC-723F-48F0-AA02-2B30ABD11089}"
EndProject
Project("{9A19103F-16F7-4668-BE54-9A1E7A4F7556}") = "Newcats.HangFire.Dashborad", "Newcats.HangFire.Dashborad\Newcats.HangFire.Dashborad.csproj", "{0D4A6B9D-4E88-45B4-B772-B9323981D96E}"
EndProject
Project("{2150E333-8FDC-42A3-9474-1A3956D46DE8}") = "Quartz", "Quartz", "{BE0BDE1C-B94F-401F-8DAA-72D56236AA75}"
EndProject
Project("{FAE04EC0-301F-11D3-BF4B-00C04F79EFBC}") = "Newcats.JobManager.Host", "Newcats.JobManager.Host\Newcats.JobManager.Host.csproj", "{10158589-9927-4914-965B-4C6AC2BE1553}"
EndProject
Project("{FAE04EC0-301F-11D3-BF4B-00C04F79EFBC}") = "Newcats.JobManager.Core", "Newcats.JobManager.Core\Newcats.JobManager.Core.csproj", "{40E9658B-9078-4E0D-B5E8-D03978A7BFE7}"
EndProject
Global
	GlobalSection(SolutionConfigurationPlatforms) = preSolution
		Debug|Any CPU = Debug|Any CPU
		Release|Any CPU = Release|Any CPU
	EndGlobalSection
	GlobalSection(ProjectConfigurationPlatforms) = postSolution
		{D74BCD28-8EBA-4157-A1D1-F79A50DB553B}.Debug|Any CPU.ActiveCfg = Debug|Any CPU
		{D74BCD28-8EBA-4157-A1D1-F79A50DB553B}.Debug|Any CPU.Build.0 = Debug|Any CPU
		{D74BCD28-8EBA-4157-A1D1-F79A50DB553B}.Release|Any CPU.ActiveCfg = Release|Any CPU
		{D74BCD28-8EBA-4157-A1D1-F79A50DB553B}.Release|Any CPU.Build.0 = Release|Any CPU
		{4F748F4E-6853-4A63-B3AC-256B93409464}.Debug|Any CPU.ActiveCfg = Debug|Any CPU
		{4F748F4E-6853-4A63-B3AC-256B93409464}.Debug|Any CPU.Build.0 = Debug|Any CPU
		{4F748F4E-6853-4A63-B3AC-256B93409464}.Release|Any CPU.ActiveCfg = Release|Any CPU
		{4F748F4E-6853-4A63-B3AC-256B93409464}.Release|Any CPU.Build.0 = Release|Any CPU
		{5FAD7E8E-0213-4269-8A3B-7D8E74446908}.Debug|Any CPU.ActiveCfg = Debug|Any CPU
		{5FAD7E8E-0213-4269-8A3B-7D8E74446908}.Debug|Any CPU.Build.0 = Debug|Any CPU
		{5FAD7E8E-0213-4269-8A3B-7D8E74446908}.Release|Any CPU.ActiveCfg = Release|Any CPU
		{5FAD7E8E-0213-4269-8A3B-7D8E74446908}.Release|Any CPU.Build.0 = Release|Any CPU
		{A3218B4F-D67A-453F-B4D0-F4E0F492A9F0}.Debug|Any CPU.ActiveCfg = Debug|Any CPU
		{A3218B4F-D67A-453F-B4D0-F4E0F492A9F0}.Debug|Any CPU.Build.0 = Debug|Any CPU
		{A3218B4F-D67A-453F-B4D0-F4E0F492A9F0}.Release|Any CPU.ActiveCfg = Release|Any CPU
		{A3218B4F-D67A-453F-B4D0-F4E0F492A9F0}.Release|Any CPU.Build.0 = Release|Any CPU
		{D5355C3D-F193-4F9B-98E0-6896803243EE}.Debug|Any CPU.ActiveCfg = Debug|Any CPU
		{D5355C3D-F193-4F9B-98E0-6896803243EE}.Debug|Any CPU.Build.0 = Debug|Any CPU
		{D5355C3D-F193-4F9B-98E0-6896803243EE}.Release|Any CPU.ActiveCfg = Release|Any CPU
		{D5355C3D-F193-4F9B-98E0-6896803243EE}.Release|Any CPU.Build.0 = Release|Any CPU
		{B02967DC-CA6B-4685-86BE-186F399C9C4A}.Debug|Any CPU.ActiveCfg = Debug|Any CPU
		{B02967DC-CA6B-4685-86BE-186F399C9C4A}.Debug|Any CPU.Build.0 = Debug|Any CPU
		{B02967DC-CA6B-4685-86BE-186F399C9C4A}.Release|Any CPU.ActiveCfg = Release|Any CPU
		{B02967DC-CA6B-4685-86BE-186F399C9C4A}.Release|Any CPU.Build.0 = Release|Any CPU
		{BEE0434F-D46B-4708-BCC9-98CDBEAA942E}.Debug|Any CPU.ActiveCfg = Debug|Any CPU
		{BEE0434F-D46B-4708-BCC9-98CDBEAA942E}.Debug|Any CPU.Build.0 = Debug|Any CPU
		{BEE0434F-D46B-4708-BCC9-98CDBEAA942E}.Release|Any CPU.ActiveCfg = Release|Any CPU
		{BEE0434F-D46B-4708-BCC9-98CDBEAA942E}.Release|Any CPU.Build.0 = Release|Any CPU
		{A5F3041B-5383-4D52-8482-84FCB0CB838A}.Debug|Any CPU.ActiveCfg = Debug|Any CPU
		{A5F3041B-5383-4D52-8482-84FCB0CB838A}.Debug|Any CPU.Build.0 = Debug|Any CPU
		{A5F3041B-5383-4D52-8482-84FCB0CB838A}.Release|Any CPU.ActiveCfg = Release|Any CPU
		{A5F3041B-5383-4D52-8482-84FCB0CB838A}.Release|Any CPU.Build.0 = Release|Any CPU
		{29C5C3FF-579D-4D6A-90D1-17BDB6FC2123}.Debug|Any CPU.ActiveCfg = Debug|Any CPU
		{29C5C3FF-579D-4D6A-90D1-17BDB6FC2123}.Debug|Any CPU.Build.0 = Debug|Any CPU
		{29C5C3FF-579D-4D6A-90D1-17BDB6FC2123}.Release|Any CPU.ActiveCfg = Release|Any CPU
		{29C5C3FF-579D-4D6A-90D1-17BDB6FC2123}.Release|Any CPU.Build.0 = Release|Any CPU
		{E4FB59AF-0A08-438D-A431-63BE023473DD}.Debug|Any CPU.ActiveCfg = Debug|Any CPU
		{E4FB59AF-0A08-438D-A431-63BE023473DD}.Debug|Any CPU.Build.0 = Debug|Any CPU
		{E4FB59AF-0A08-438D-A431-63BE023473DD}.Release|Any CPU.ActiveCfg = Release|Any CPU
		{E4FB59AF-0A08-438D-A431-63BE023473DD}.Release|Any CPU.Build.0 = Release|Any CPU
		{A87D05C4-18DF-422F-8C30-A0D66DA1AB03}.Debug|Any CPU.ActiveCfg = Debug|Any CPU
		{A87D05C4-18DF-422F-8C30-A0D66DA1AB03}.Debug|Any CPU.Build.0 = Debug|Any CPU
		{A87D05C4-18DF-422F-8C30-A0D66DA1AB03}.Release|Any CPU.ActiveCfg = Release|Any CPU
		{A87D05C4-18DF-422F-8C30-A0D66DA1AB03}.Release|Any CPU.Build.0 = Release|Any CPU
		{13DF1621-DBD5-4DC3-BC58-BC7F09EB8A10}.Debug|Any CPU.ActiveCfg = Debug|Any CPU
		{13DF1621-DBD5-4DC3-BC58-BC7F09EB8A10}.Debug|Any CPU.Build.0 = Debug|Any CPU
		{13DF1621-DBD5-4DC3-BC58-BC7F09EB8A10}.Release|Any CPU.ActiveCfg = Release|Any CPU
		{13DF1621-DBD5-4DC3-BC58-BC7F09EB8A10}.Release|Any CPU.Build.0 = Release|Any CPU
		{FFBB07BB-5F15-4BCC-99A8-56A407C92A36}.Debug|Any CPU.ActiveCfg = Debug|Any CPU
		{FFBB07BB-5F15-4BCC-99A8-56A407C92A36}.Debug|Any CPU.Build.0 = Debug|Any CPU
		{FFBB07BB-5F15-4BCC-99A8-56A407C92A36}.Release|Any CPU.ActiveCfg = Release|Any CPU
		{FFBB07BB-5F15-4BCC-99A8-56A407C92A36}.Release|Any CPU.Build.0 = Release|Any CPU
		{C2731EB1-2BFD-4094-B5DF-A4B11932B527}.Debug|Any CPU.ActiveCfg = Debug|Any CPU
		{C2731EB1-2BFD-4094-B5DF-A4B11932B527}.Debug|Any CPU.Build.0 = Debug|Any CPU
		{C2731EB1-2BFD-4094-B5DF-A4B11932B527}.Release|Any CPU.ActiveCfg = Release|Any CPU
		{C2731EB1-2BFD-4094-B5DF-A4B11932B527}.Release|Any CPU.Build.0 = Release|Any CPU
		{7F699888-A05D-4C61-AF1F-E2469FCC54A2}.Debug|Any CPU.ActiveCfg = Debug|Any CPU
		{7F699888-A05D-4C61-AF1F-E2469FCC54A2}.Debug|Any CPU.Build.0 = Debug|Any CPU
		{7F699888-A05D-4C61-AF1F-E2469FCC54A2}.Release|Any CPU.ActiveCfg = Release|Any CPU
		{7F699888-A05D-4C61-AF1F-E2469FCC54A2}.Release|Any CPU.Build.0 = Release|Any CPU
		{0243ACAC-723F-48F0-AA02-2B30ABD11089}.Debug|Any CPU.ActiveCfg = Debug|Any CPU
		{0243ACAC-723F-48F0-AA02-2B30ABD11089}.Debug|Any CPU.Build.0 = Debug|Any CPU
		{0243ACAC-723F-48F0-AA02-2B30ABD11089}.Release|Any CPU.ActiveCfg = Release|Any CPU
		{0243ACAC-723F-48F0-AA02-2B30ABD11089}.Release|Any CPU.Build.0 = Release|Any CPU
		{0D4A6B9D-4E88-45B4-B772-B9323981D96E}.Debug|Any CPU.ActiveCfg = Debug|Any CPU
		{0D4A6B9D-4E88-45B4-B772-B9323981D96E}.Debug|Any CPU.Build.0 = Debug|Any CPU
		{0D4A6B9D-4E88-45B4-B772-B9323981D96E}.Release|Any CPU.ActiveCfg = Release|Any CPU
		{0D4A6B9D-4E88-45B4-B772-B9323981D96E}.Release|Any CPU.Build.0 = Release|Any CPU
		{10158589-9927-4914-965B-4C6AC2BE1553}.Debug|Any CPU.ActiveCfg = Debug|Any CPU
		{10158589-9927-4914-965B-4C6AC2BE1553}.Debug|Any CPU.Build.0 = Debug|Any CPU
		{10158589-9927-4914-965B-4C6AC2BE1553}.Release|Any CPU.ActiveCfg = Release|Any CPU
		{10158589-9927-4914-965B-4C6AC2BE1553}.Release|Any CPU.Build.0 = Release|Any CPU
		{40E9658B-9078-4E0D-B5E8-D03978A7BFE7}.Debug|Any CPU.ActiveCfg = Debug|Any CPU
		{40E9658B-9078-4E0D-B5E8-D03978A7BFE7}.Debug|Any CPU.Build.0 = Debug|Any CPU
		{40E9658B-9078-4E0D-B5E8-D03978A7BFE7}.Release|Any CPU.ActiveCfg = Release|Any CPU
		{40E9658B-9078-4E0D-B5E8-D03978A7BFE7}.Release|Any CPU.Build.0 = Release|Any CPU
	EndGlobalSection
	GlobalSection(SolutionProperties) = preSolution
		HideSolutionNode = FALSE
	EndGlobalSection
	GlobalSection(NestedProjects) = preSolution
		{5FAD7E8E-0213-4269-8A3B-7D8E74446908} = {EA85D448-036B-4024-B920-9C920217DDBD}
		{A3218B4F-D67A-453F-B4D0-F4E0F492A9F0} = {EA85D448-036B-4024-B920-9C920217DDBD}
		{D5355C3D-F193-4F9B-98E0-6896803243EE} = {EA85D448-036B-4024-B920-9C920217DDBD}
		{B02967DC-CA6B-4685-86BE-186F399C9C4A} = {EA85D448-036B-4024-B920-9C920217DDBD}
		{BEE0434F-D46B-4708-BCC9-98CDBEAA942E} = {EA85D448-036B-4024-B920-9C920217DDBD}
		{A5F3041B-5383-4D52-8482-84FCB0CB838A} = {EA85D448-036B-4024-B920-9C920217DDBD}
		{29C5C3FF-579D-4D6A-90D1-17BDB6FC2123} = {EA85D448-036B-4024-B920-9C920217DDBD}
		{E4FB59AF-0A08-438D-A431-63BE023473DD} = {EA85D448-036B-4024-B920-9C920217DDBD}
		{A87D05C4-18DF-422F-8C30-A0D66DA1AB03} = {EA85D448-036B-4024-B920-9C920217DDBD}
		{13DF1621-DBD5-4DC3-BC58-BC7F09EB8A10} = {EA85D448-036B-4024-B920-9C920217DDBD}
		{FFBB07BB-5F15-4BCC-99A8-56A407C92A36} = {EA85D448-036B-4024-B920-9C920217DDBD}
		{C2731EB1-2BFD-4094-B5DF-A4B11932B527} = {EA85D448-036B-4024-B920-9C920217DDBD}
		{7F699888-A05D-4C61-AF1F-E2469FCC54A2} = {EA85D448-036B-4024-B920-9C920217DDBD}
		{0243ACAC-723F-48F0-AA02-2B30ABD11089} = {9889E64F-D1F3-4358-99C3-D057CF4BE596}
		{0D4A6B9D-4E88-45B4-B772-B9323981D96E} = {9889E64F-D1F3-4358-99C3-D057CF4BE596}
		{10158589-9927-4914-965B-4C6AC2BE1553} = {BE0BDE1C-B94F-401F-8DAA-72D56236AA75}
		{40E9658B-9078-4E0D-B5E8-D03978A7BFE7} = {BE0BDE1C-B94F-401F-8DAA-72D56236AA75}
	EndGlobalSection
	GlobalSection(ExtensibilityGlobals) = postSolution
		SolutionGuid = {5BC4B63B-F487-4C1C-825B-9F8580EEF279}
	EndGlobalSection
EndGlobal
